
Microsoft Visual Studio Solution File, Format Version 12.00
# Visual Studio Version 17
VisualStudioVersion = 17.1.32421.90
MinimumVisualStudioVersion = 10.0.40219.1
Project("{9A19103F-16F7-4668-BE54-9A1E7A4F7556}") = "01_Identity_IndividualAccounts", "01_Identity_IndividualAccounts\01_Identity_IndividualAccounts.csproj", "{DAA8E992-32A9-4708-A6D9-377F6C5F0ECF}"
EndProject
Global
	GlobalSection(SolutionConfigurationPlatforms) = preSolution
		Debug|Any CPU = Debug|Any CPU
		Release|Any CPU = Release|Any CPU
	EndGlobalSection
	GlobalSection(ProjectConfigurationPlatforms) = postSolution
		{DAA8E992-32A9-4708-A6D9-377F6C5F0ECF}.Debug|Any CPU.ActiveCfg = Debug|Any CPU
		{DAA8E992-32A9-4708-A6D9-377F6C5F0ECF}.Debug|Any CPU.Build.0 = Debug|Any CPU
		{DAA8E992-32A9-4708-A6D9-377F6C5F0ECF}.Release|Any CPU.ActiveCfg = Release|Any CPU
		{DAA8E992-32A9-4708-A6D9-377F6C5F0ECF}.Release|Any CPU.Build.0 = Release|Any CPU
	EndGlobalSection
	GlobalSection(SolutionProperties) = preSolution
		HideSolutionNode = FALSE
	EndGlobalSection
	GlobalSection(ExtensibilityGlobals) = postSolution
		SolutionGuid = {F152A366-E595-453E-AF9A-9A9791A28959}
	EndGlobalSection
EndGlobal
