
Microsoft Visual Studio Solution File, Format Version 12.00
# Visual Studio Version 17
VisualStudioVersion = 17.1.32328.378
MinimumVisualStudioVersion = 10.0.40219.1
Project("{FAE04EC0-301F-11D3-BF4B-00C04F79EFBC}") = "01_AsynAwait", "01_AsynAwait\01_AsynAwait.csproj", "{2C23DBC7-3E55-4EEB-9961-24B62E3789E6}"
EndProject
Global
	GlobalSection(SolutionConfigurationPlatforms) = preSolution
		Debug|Any CPU = Debug|Any CPU
		Release|Any CPU = Release|Any CPU
	EndGlobalSection
	GlobalSection(ProjectConfigurationPlatforms) = postSolution
		{2C23DBC7-3E55-4EEB-9961-24B62E3789E6}.Debug|Any CPU.ActiveCfg = Debug|Any CPU
		{2C23DBC7-3E55-4EEB-9961-24B62E3789E6}.Debug|Any CPU.Build.0 = Debug|Any CPU
		{2C23DBC7-3E55-4EEB-9961-24B62E3789E6}.Release|Any CPU.ActiveCfg = Release|Any CPU
		{2C23DBC7-3E55-4EEB-9961-24B62E3789E6}.Release|Any CPU.Build.0 = Release|Any CPU
	EndGlobalSection
	GlobalSection(SolutionProperties) = preSolution
		HideSolutionNode = FALSE
	EndGlobalSection
	GlobalSection(ExtensibilityGlobals) = postSolution
		SolutionGuid = {20FCB067-CA10-4002-B12D-D6B4F617315F}
	EndGlobalSection
EndGlobal
